// !$*UTF8*$!
{
	archiveVersion = 1;
	classes = {
	};
	objectVersion = 56;
	objects = {

/* Begin PBXBuildFile section */
		FFF32C6E29C70CD40034C5FF /* AppDelegate.swift in Sources */ = {isa = PBXBuildFile; fileRef = FFF32C6D29C70CD40034C5FF /* AppDelegate.swift */; };
		FFF32C7029C70CD40034C5FF /* SceneDelegate.swift in Sources */ = {isa = PBXBuildFile; fileRef = FFF32C6F29C70CD40034C5FF /* SceneDelegate.swift */; };
		FFF32C7229C70CD40034C5FF /* HomeViewController.swift in Sources */ = {isa = PBXBuildFile; fileRef = FFF32C7129C70CD40034C5FF /* HomeViewController.swift */; };
		FFF32C7729C70CD50034C5FF /* Assets.xcassets in Resources */ = {isa = PBXBuildFile; fileRef = FFF32C7629C70CD50034C5FF /* Assets.xcassets */; };
		FFF32C7A29C70CD50034C5FF /* LaunchScreen.storyboard in Resources */ = {isa = PBXBuildFile; fileRef = FFF32C7829C70CD50034C5FF /* LaunchScreen.storyboard */; };
		FFF32C8429C70DA50034C5FF /* HomeViewModel.swift in Sources */ = {isa = PBXBuildFile; fileRef = FFF32C8329C70DA50034C5FF /* HomeViewModel.swift */; };
		FFF32C8A29C714F40034C5FF /* HomeModel.swift in Sources */ = {isa = PBXBuildFile; fileRef = FFF32C8929C714F40034C5FF /* HomeModel.swift */; };
		FFF32C8D29C716590034C5FF /* HttpRequestHelper.swift in Sources */ = {isa = PBXBuildFile; fileRef = FFF32C8C29C716590034C5FF /* HttpRequestHelper.swift */; };
		FFF32C9029C716AF0034C5FF /* HomeService.swift in Sources */ = {isa = PBXBuildFile; fileRef = FFF32C8F29C716AF0034C5FF /* HomeService.swift */; };
		FFF32C9429C71D3F0034C5FF /* HomeCollectionViewCell.swift in Sources */ = {isa = PBXBuildFile; fileRef = FFF32C9329C71D3F0034C5FF /* HomeCollectionViewCell.swift */; };
		FFF32C9629C74F1A0034C5FF /* CommentFlowLayout.swift in Sources */ = {isa = PBXBuildFile; fileRef = FFF32C9529C74F1A0034C5FF /* CommentFlowLayout.swift */; };
		FFF32C9829C752B30034C5FF /* HomeCollectionViewHeaderView.swift in Sources */ = {isa = PBXBuildFile; fileRef = FFF32C9729C752B30034C5FF /* HomeCollectionViewHeaderView.swift */; };
/* End PBXBuildFile section */

/* Begin PBXFileReference section */
		FFF32C6A29C70CD40034C5FF /* AccentureIOS.app */ = {isa = PBXFileReference; explicitFileType = wrapper.application; includeInIndex = 0; path = AccentureIOS.app; sourceTree = BUILT_PRODUCTS_DIR; };
		FFF32C6D29C70CD40034C5FF /* AppDelegate.swift */ = {isa = PBXFileReference; lastKnownFileType = sourcecode.swift; path = AppDelegate.swift; sourceTree = "<group>"; };
		FFF32C6F29C70CD40034C5FF /* SceneDelegate.swift */ = {isa = PBXFileReference; lastKnownFileType = sourcecode.swift; path = SceneDelegate.swift; sourceTree = "<group>"; };
		FFF32C7129C70CD40034C5FF /* HomeViewController.swift */ = {isa = PBXFileReference; lastKnownFileType = sourcecode.swift; path = HomeViewController.swift; sourceTree = "<group>"; };
		FFF32C7629C70CD50034C5FF /* Assets.xcassets */ = {isa = PBXFileReference; lastKnownFileType = folder.assetcatalog; path = Assets.xcassets; sourceTree = "<group>"; };
		FFF32C7929C70CD50034C5FF /* Base */ = {isa = PBXFileReference; lastKnownFileType = file.storyboard; name = Base; path = Base.lproj/LaunchScreen.storyboard; sourceTree = "<group>"; };
		FFF32C7B29C70CD50034C5FF /* Info.plist */ = {isa = PBXFileReference; lastKnownFileType = text.plist.xml; path = Info.plist; sourceTree = "<group>"; };
		FFF32C8329C70DA50034C5FF /* HomeViewModel.swift */ = {isa = PBXFileReference; lastKnownFileType = sourcecode.swift; path = HomeViewModel.swift; sourceTree = "<group>"; };
		FFF32C8929C714F40034C5FF /* HomeModel.swift */ = {isa = PBXFileReference; lastKnownFileType = sourcecode.swift; path = HomeModel.swift; sourceTree = "<group>"; };
		FFF32C8C29C716590034C5FF /* HttpRequestHelper.swift */ = {isa = PBXFileReference; lastKnownFileType = sourcecode.swift; path = HttpRequestHelper.swift; sourceTree = "<group>"; };
		FFF32C8F29C716AF0034C5FF /* HomeService.swift */ = {isa = PBXFileReference; lastKnownFileType = sourcecode.swift; path = HomeService.swift; sourceTree = "<group>"; };
		FFF32C9329C71D3F0034C5FF /* HomeCollectionViewCell.swift */ = {isa = PBXFileReference; lastKnownFileType = sourcecode.swift; path = HomeCollectionViewCell.swift; sourceTree = "<group>"; };
		FFF32C9529C74F1A0034C5FF /* CommentFlowLayout.swift */ = {isa = PBXFileReference; lastKnownFileType = sourcecode.swift; path = CommentFlowLayout.swift; sourceTree = "<group>"; };
		FFF32C9729C752B30034C5FF /* HomeCollectionViewHeaderView.swift */ = {isa = PBXFileReference; lastKnownFileType = sourcecode.swift; path = HomeCollectionViewHeaderView.swift; sourceTree = "<group>"; };
/* End PBXFileReference section */

/* Begin PBXFrameworksBuildPhase section */
		FFF32C6729C70CD40034C5FF /* Frameworks */ = {
			isa = PBXFrameworksBuildPhase;
			buildActionMask = 2147483647;
			files = (
			);
			runOnlyForDeploymentPostprocessing = 0;
		};
/* End PBXFrameworksBuildPhase section */

/* Begin PBXGroup section */
		FFF32C6129C70CD40034C5FF = {
			isa = PBXGroup;
			children = (
				FFF32C6C29C70CD40034C5FF /* AccentureIOS */,
				FFF32C6B29C70CD40034C5FF /* Products */,
			);
			sourceTree = "<group>";
		};
		FFF32C6B29C70CD40034C5FF /* Products */ = {
			isa = PBXGroup;
			children = (
				FFF32C6A29C70CD40034C5FF /* AccentureIOS.app */,
			);
			name = Products;
			sourceTree = "<group>";
		};
		FFF32C6C29C70CD40034C5FF /* AccentureIOS */ = {
			isa = PBXGroup;
			children = (
				FFF32C8E29C716910034C5FF /* Services */,
				FFF32C8B29C716400034C5FF /* Helper */,
				FFF32C8129C70D650034C5FF /* Modules */,
				FFF32C6D29C70CD40034C5FF /* AppDelegate.swift */,
				FFF32C6F29C70CD40034C5FF /* SceneDelegate.swift */,
				FFF32C7629C70CD50034C5FF /* Assets.xcassets */,
				FFF32C7829C70CD50034C5FF /* LaunchScreen.storyboard */,
				FFF32C7B29C70CD50034C5FF /* Info.plist */,
			);
			path = AccentureIOS;
			sourceTree = "<group>";
		};
		FFF32C8129C70D650034C5FF /* Modules */ = {
			isa = PBXGroup;
			children = (
				FFF32C8229C70D6D0034C5FF /* Home */,
			);
			path = Modules;
			sourceTree = "<group>";
		};
		FFF32C8229C70D6D0034C5FF /* Home */ = {
			isa = PBXGroup;
			children = (
				FFF32C8729C70DEF0034C5FF /* ViewModel */,
				FFF32C8629C70DEB0034C5FF /* View */,
				FFF32C8529C70DE30034C5FF /* Model */,
			);
			path = Home;
			sourceTree = "<group>";
		};
		FFF32C8529C70DE30034C5FF /* Model */ = {
			isa = PBXGroup;
			children = (
				FFF32C8929C714F40034C5FF /* HomeModel.swift */,
			);
			path = Model;
			sourceTree = "<group>";
		};
		FFF32C8629C70DEB0034C5FF /* View */ = {
			isa = PBXGroup;
			children = (
				FFF32C7129C70CD40034C5FF /* HomeViewController.swift */,
				FFF32C9329C71D3F0034C5FF /* HomeCollectionViewCell.swift */,
				FFF32C9729C752B30034C5FF /* HomeCollectionViewHeaderView.swift */,
			);
			path = View;
			sourceTree = "<group>";
		};
		FFF32C8729C70DEF0034C5FF /* ViewModel */ = {
			isa = PBXGroup;
			children = (
				FFF32C8329C70DA50034C5FF /* HomeViewModel.swift */,
			);
			path = ViewModel;
			sourceTree = "<group>";
		};
		FFF32C8B29C716400034C5FF /* Helper */ = {
			isa = PBXGroup;
			children = (
				FFF32C8C29C716590034C5FF /* HttpRequestHelper.swift */,
				FFF32C9529C74F1A0034C5FF /* CommentFlowLayout.swift */,
			);
			path = Helper;
			sourceTree = "<group>";
		};
		FFF32C8E29C716910034C5FF /* Services */ = {
			isa = PBXGroup;
			children = (
				FFF32C8F29C716AF0034C5FF /* HomeService.swift */,
			);
			path = Services;
			sourceTree = "<group>";
		};
/* End PBXGroup section */

/* Begin PBXNativeTarget section */
		FFF32C6929C70CD40034C5FF /* AccentureIOS */ = {
			isa = PBXNativeTarget;
			buildConfigurationList = FFF32C7E29C70CD50034C5FF /* Build configuration list for PBXNativeTarget "AccentureIOS" */;
			buildPhases = (
				FFF32C6629C70CD40034C5FF /* Sources */,
				FFF32C6729C70CD40034C5FF /* Frameworks */,
				FFF32C6829C70CD40034C5FF /* Resources */,
			);
			buildRules = (
			);
			dependencies = (
			);
			name = AccentureIOS;
			productName = AccentureIOS;
			productReference = FFF32C6A29C70CD40034C5FF /* AccentureIOS.app */;
			productType = "com.apple.product-type.application";
		};
/* End PBXNativeTarget section */

/* Begin PBXProject section */
		FFF32C6229C70CD40034C5FF /* Project object */ = {
			isa = PBXProject;
			attributes = {
				BuildIndependentTargetsInParallel = 1;
				LastSwiftUpdateCheck = 1420;
				LastUpgradeCheck = 1420;
				TargetAttributes = {
					FFF32C6929C70CD40034C5FF = {
						CreatedOnToolsVersion = 14.2;
					};
				};
			};
			buildConfigurationList = FFF32C6529C70CD40034C5FF /* Build configuration list for PBXProject "AccentureIOS" */;
			compatibilityVersion = "Xcode 14.0";
			developmentRegion = en;
			hasScannedForEncodings = 0;
			knownRegions = (
				en,
				Base,
			);
			mainGroup = FFF32C6129C70CD40034C5FF;
			productRefGroup = FFF32C6B29C70CD40034C5FF /* Products */;
			projectDirPath = "";
			projectRoot = "";
			targets = (
				FFF32C6929C70CD40034C5FF /* AccentureIOS */,
			);
		};
/* End PBXProject section */

/* Begin PBXResourcesBuildPhase section */
		FFF32C6829C70CD40034C5FF /* Resources */ = {
			isa = PBXResourcesBuildPhase;
			buildActionMask = 2147483647;
			files = (
				FFF32C7A29C70CD50034C5FF /* LaunchScreen.storyboard in Resources */,
				FFF32C7729C70CD50034C5FF /* Assets.xcassets in Resources */,
			);
			runOnlyForDeploymentPostprocessing = 0;
		};
/* End PBXResourcesBuildPhase section */

/* Begin PBXSourcesBuildPhase section */
		FFF32C6629C70CD40034C5FF /* Sources */ = {
			isa = PBXSourcesBuildPhase;
			buildActionMask = 2147483647;
			files = (
				FFF32C9029C716AF0034C5FF /* HomeService.swift in Sources */,
				FFF32C7229C70CD40034C5FF /* HomeViewController.swift in Sources */,
				FFF32C8D29C716590034C5FF /* HttpRequestHelper.swift in Sources */,
				FFF32C6E29C70CD40034C5FF /* AppDelegate.swift in Sources */,
				FFF32C7029C70CD40034C5FF /* SceneDelegate.swift in Sources */,
				FFF32C9829C752B30034C5FF /* HomeCollectionViewHeaderView.swift in Sources */,
				FFF32C8A29C714F40034C5FF /* HomeModel.swift in Sources */,
				FFF32C8429C70DA50034C5FF /* HomeViewModel.swift in Sources */,
				FFF32C9429C71D3F0034C5FF /* HomeCollectionViewCell.swift in Sources */,
				FFF32C9629C74F1A0034C5FF /* CommentFlowLayout.swift in Sources */,
			);
			runOnlyForDeploymentPostprocessing = 0;
		};
/* End PBXSourcesBuildPhase section */

/* Begin PBXVariantGroup section */
		FFF32C7829C70CD50034C5FF /* LaunchScreen.storyboard */ = {
			isa = PBXVariantGroup;
			children = (
				FFF32C7929C70CD50034C5FF /* Base */,
			);
			name = LaunchScreen.storyboard;
			sourceTree = "<group>";
		};
/* End PBXVariantGroup section */

/* Begin XCBuildConfiguration section */
		FFF32C7C29C70CD50034C5FF /* Debug */ = {
			isa = XCBuildConfiguration;
			buildSettings = {
				ALWAYS_SEARCH_USER_PATHS = NO;
				CLANG_ANALYZER_NONNULL = YES;
				CLANG_ANALYZER_NUMBER_OBJECT_CONVERSION = YES_AGGRESSIVE;
				CLANG_CXX_LANGUAGE_STANDARD = "gnu++20";
				CLANG_ENABLE_MODULES = YES;
				CLANG_ENABLE_OBJC_ARC = YES;
				CLANG_ENABLE_OBJC_WEAK = YES;
				CLANG_WARN_BLOCK_CAPTURE_AUTORELEASING = YES;
				CLANG_WARN_BOOL_CONVERSION = YES;
				CLANG_WARN_COMMA = YES;
				CLANG_WARN_CONSTANT_CONVERSION = YES;
				CLANG_WARN_DEPRECATED_OBJC_IMPLEMENTATIONS = YES;
				CLANG_WARN_DIRECT_OBJC_ISA_USAGE = YES_ERROR;
				CLANG_WARN_DOCUMENTATION_COMMENTS = YES;
				CLANG_WARN_EMPTY_BODY = YES;
				CLANG_WARN_ENUM_CONVERSION = YES;
				CLANG_WARN_INFINITE_RECURSION = YES;
				CLANG_WARN_INT_CONVERSION = YES;
				CLANG_WARN_NON_LITERAL_NULL_CONVERSION = YES;
				CLANG_WARN_OBJC_IMPLICIT_RETAIN_SELF = YES;
				CLANG_WARN_OBJC_LITERAL_CONVERSION = YES;
				CLANG_WARN_OBJC_ROOT_CLASS = YES_ERROR;
				CLANG_WARN_QUOTED_INCLUDE_IN_FRAMEWORK_HEADER = YES;
				CLANG_WARN_RANGE_LOOP_ANALYSIS = YES;
				CLANG_WARN_STRICT_PROTOTYPES = YES;
				CLANG_WARN_SUSPICIOUS_MOVE = YES;
				CLANG_WARN_UNGUARDED_AVAILABILITY = YES_AGGRESSIVE;
				CLANG_WARN_UNREACHABLE_CODE = YES;
				CLANG_WARN__DUPLICATE_METHOD_MATCH = YES;
				COPY_PHASE_STRIP = NO;
				DEBUG_INFORMATION_FORMAT = dwarf;
				ENABLE_STRICT_OBJC_MSGSEND = YES;
				ENABLE_TESTABILITY = YES;
				GCC_C_LANGUAGE_STANDARD = gnu11;
				GCC_DYNAMIC_NO_PIC = NO;
				GCC_NO_COMMON_BLOCKS = YES;
				GCC_OPTIMIZATION_LEVEL = 0;
				GCC_PREPROCESSOR_DEFINITIONS = (
					"DEBUG=1",
					"$(inherited)",
				);
				GCC_WARN_64_TO_32_BIT_CONVERSION = YES;
				GCC_WARN_ABOUT_RETURN_TYPE = YES_ERROR;
				GCC_WARN_UNDECLARED_SELECTOR = YES;
				GCC_WARN_UNINITIALIZED_AUTOS = YES_AGGRESSIVE;
				GCC_WARN_UNUSED_FUNCTION = YES;
				GCC_WARN_UNUSED_VARIABLE = YES;
				IPHONEOS_DEPLOYMENT_TARGET = 16.2;
				MTL_ENABLE_DEBUG_INFO = INCLUDE_SOURCE;
				MTL_FAST_MATH = YES;
				ONLY_ACTIVE_ARCH = YES;
				SDKROOT = iphoneos;
				SWIFT_ACTIVE_COMPILATION_CONDITIONS = DEBUG;
				SWIFT_OPTIMIZATION_LEVEL = "-Onone";
			};
			name = Debug;
		};
		FFF32C7D29C70CD50034C5FF /* Release */ = {
			isa = XCBuildConfiguration;
			buildSettings = {
				ALWAYS_SEARCH_USER_PATHS = NO;
				CLANG_ANALYZER_NONNULL = YES;
				CLANG_ANALYZER_NUMBER_OBJECT_CONVERSION = YES_AGGRESSIVE;
				CLANG_CXX_LANGUAGE_STANDARD = "gnu++20";
				CLANG_ENABLE_MODULES = YES;
				CLANG_ENABLE_OBJC_ARC = YES;
				CLANG_ENABLE_OBJC_WEAK = YES;
				CLANG_WARN_BLOCK_CAPTURE_AUTORELEASING = YES;
				CLANG_WARN_BOOL_CONVERSION = YES;
				CLANG_WARN_COMMA = YES;
				CLANG_WARN_CONSTANT_CONVERSION = YES;
				CLANG_WARN_DEPRECATED_OBJC_IMPLEMENTATIONS = YES;
				CLANG_WARN_DIRECT_OBJC_ISA_USAGE = YES_ERROR;
				CLANG_WARN_DOCUMENTATION_COMMENTS = YES;
				CLANG_WARN_EMPTY_BODY = YES;
				CLANG_WARN_ENUM_CONVERSION = YES;
				CLANG_WARN_INFINITE_RECURSION = YES;
				CLANG_WARN_INT_CONVERSION = YES;
				CLANG_WARN_NON_LITERAL_NULL_CONVERSION = YES;
				CLANG_WARN_OBJC_IMPLICIT_RETAIN_SELF = YES;
				CLANG_WARN_OBJC_LITERAL_CONVERSION = YES;
				CLANG_WARN_OBJC_ROOT_CLASS = YES_ERROR;
				CLANG_WARN_QUOTED_INCLUDE_IN_FRAMEWORK_HEADER = YES;
				CLANG_WARN_RANGE_LOOP_ANALYSIS = YES;
				CLANG_WARN_STRICT_PROTOTYPES = YES;
				CLANG_WARN_SUSPICIOUS_MOVE = YES;
				CLANG_WARN_UNGUARDED_AVAILABILITY = YES_AGGRESSIVE;
				CLANG_WARN_UNREACHABLE_CODE = YES;
				CLANG_WARN__DUPLICATE_METHOD_MATCH = YES;
				COPY_PHASE_STRIP = NO;
				DEBUG_INFORMATION_FORMAT = "dwarf-with-dsym";
				ENABLE_NS_ASSERTIONS = NO;
				ENABLE_STRICT_OBJC_MSGSEND = YES;
				GCC_C_LANGUAGE_STANDARD = gnu11;
				GCC_NO_COMMON_BLOCKS = YES;
				GCC_WARN_64_TO_32_BIT_CONVERSION = YES;
				GCC_WARN_ABOUT_RETURN_TYPE = YES_ERROR;
				GCC_WARN_UNDECLARED_SELECTOR = YES;
				GCC_WARN_UNINITIALIZED_AUTOS = YES_AGGRESSIVE;
				GCC_WARN_UNUSED_FUNCTION = YES;
				GCC_WARN_UNUSED_VARIABLE = YES;
				IPHONEOS_DEPLOYMENT_TARGET = 16.2;
				MTL_ENABLE_DEBUG_INFO = NO;
				MTL_FAST_MATH = YES;
				SDKROOT = iphoneos;
				SWIFT_COMPILATION_MODE = wholemodule;
				SWIFT_OPTIMIZATION_LEVEL = "-O";
				VALIDATE_PRODUCT = YES;
			};
			name = Release;
		};
		FFF32C7F29C70CD50034C5FF /* Debug */ = {
			isa = XCBuildConfiguration;
			buildSettings = {
				ASSETCATALOG_COMPILER_APPICON_NAME = AppIcon;
				ASSETCATALOG_COMPILER_GLOBAL_ACCENT_COLOR_NAME = AccentColor;
				CODE_SIGN_STYLE = Automatic;
				CURRENT_PROJECT_VERSION = 1;
				DEVELOPMENT_TEAM = P4VV3YY3TJ;
				GENERATE_INFOPLIST_FILE = YES;
				INFOPLIST_FILE = AccentureIOS/Info.plist;
				INFOPLIST_KEY_UIApplicationSupportsIndirectInputEvents = YES;
				INFOPLIST_KEY_UILaunchStoryboardName = LaunchScreen;
				INFOPLIST_KEY_UISupportedInterfaceOrientations_iPad = "UIInterfaceOrientationPortrait UIInterfaceOrientationPortraitUpsideDown UIInterfaceOrientationLandscapeLeft UIInterfaceOrientationLandscapeRight";
				INFOPLIST_KEY_UISupportedInterfaceOrientations_iPhone = "UIInterfaceOrientationPortrait UIInterfaceOrientationLandscapeLeft UIInterfaceOrientationLandscapeRight";
				LD_RUNPATH_SEARCH_PATHS = (
					"$(inherited)",
					"@executable_path/Frameworks",
				);
				MARKETING_VERSION = 1.0;
				PRODUCT_BUNDLE_IDENTIFIER = com.TimotiusLeoLia.AccentureIOS;
				PRODUCT_NAME = "$(TARGET_NAME)";
				SWIFT_EMIT_LOC_STRINGS = YES;
				SWIFT_VERSION = 5.0;
				TARGETED_DEVICE_FAMILY = "1,2";
			};
			name = Debug;
		};
		FFF32C8029C70CD50034C5FF /* Release */ = {
			isa = XCBuildConfiguration;
			buildSettings = {
				ASSETCATALOG_COMPILER_APPICON_NAME = AppIcon;
				ASSETCATALOG_COMPILER_GLOBAL_ACCENT_COLOR_NAME = AccentColor;
				CODE_SIGN_STYLE = Automatic;
				CURRENT_PROJECT_VERSION = 1;
				DEVELOPMENT_TEAM = P4VV3YY3TJ;
				GENERATE_INFOPLIST_FILE = YES;
				INFOPLIST_FILE = AccentureIOS/Info.plist;
				INFOPLIST_KEY_UIApplicationSupportsIndirectInputEvents = YES;
				INFOPLIST_KEY_UILaunchStoryboardName = LaunchScreen;
				INFOPLIST_KEY_UISupportedInterfaceOrientations_iPad = "UIInterfaceOrientationPortrait UIInterfaceOrientationPortraitUpsideDown UIInterfaceOrientationLandscapeLeft UIInterfaceOrientationLandscapeRight";
				INFOPLIST_KEY_UISupportedInterfaceOrientations_iPhone = "UIInterfaceOrientationPortrait UIInterfaceOrientationLandscapeLeft UIInterfaceOrientationLandscapeRight";
				LD_RUNPATH_SEARCH_PATHS = (
					"$(inherited)",
					"@executable_path/Frameworks",
				);
				MARKETING_VERSION = 1.0;
				PRODUCT_BUNDLE_IDENTIFIER = com.TimotiusLeoLia.AccentureIOS;
				PRODUCT_NAME = "$(TARGET_NAME)";
				SWIFT_EMIT_LOC_STRINGS = YES;
				SWIFT_VERSION = 5.0;
				TARGETED_DEVICE_FAMILY = "1,2";
			};
			name = Release;
		};
/* End XCBuildConfiguration section */

/* Begin XCConfigurationList section */
		FFF32C6529C70CD40034C5FF /* Build configuration list for PBXProject "AccentureIOS" */ = {
			isa = XCConfigurationList;
			buildConfigurations = (
				FFF32C7C29C70CD50034C5FF /* Debug */,
				FFF32C7D29C70CD50034C5FF /* Release */,
			);
			defaultConfigurationIsVisible = 0;
			defaultConfigurationName = Release;
		};
		FFF32C7E29C70CD50034C5FF /* Build configuration list for PBXNativeTarget "AccentureIOS" */ = {
			isa = XCConfigurationList;
			buildConfigurations = (
				FFF32C7F29C70CD50034C5FF /* Debug */,
				FFF32C8029C70CD50034C5FF /* Release */,
			);
			defaultConfigurationIsVisible = 0;
			defaultConfigurationName = Release;
		};
/* End XCConfigurationList section */
	};
	rootObject = FFF32C6229C70CD40034C5FF /* Project object */;
}
